
Microsoft Visual Studio Solution File, Format Version 12.00
Project("{FAE04EC0-301F-11D3-BF4B-00C04F79EFBC}") = "EmailTamer.Application", "EmailTamer.Application\EmailTamer.Application.csproj", "{09CECDD5-B359-4095-99BA-ED27C2D20DFD}"
EndProject
Global
	GlobalSection(SolutionConfigurationPlatforms) = preSolution
		Debug|Any CPU = Debug|Any CPU
		Release|Any CPU = Release|Any CPU
	EndGlobalSection
	GlobalSection(ProjectConfigurationPlatforms) = postSolution
		{09CECDD5-B359-4095-99BA-ED27C2D20DFD}.Debug|Any CPU.ActiveCfg = Debug|Any CPU
		{09CECDD5-B359-4095-99BA-ED27C2D20DFD}.Debug|Any CPU.Build.0 = Debug|Any CPU
		{09CECDD5-B359-4095-99BA-ED27C2D20DFD}.Release|Any CPU.ActiveCfg = Release|Any CPU
		{09CECDD5-B359-4095-99BA-ED27C2D20DFD}.Release|Any CPU.Build.0 = Release|Any CPU
	EndGlobalSection
EndGlobal
